
Microsoft Visual Studio Solution File, Format Version 12.00
# Visual Studio Version 17
VisualStudioVersion = 17.0.32014.148
MinimumVisualStudioVersion = 10.0.40219.1
Project("{9A19103F-16F7-4668-BE54-9A1E7A4F7556}") = "Quotation.Management.API", "QMT-API\Quotation.Management.API.csproj", "{F3F9749F-0EB6-4976-B544-5DB2062D8933}"
EndProject
Project("{9A19103F-16F7-4668-BE54-9A1E7A4F7556}") = "Quotation.Management.Contracts", "Quotation.Management.Contracts\Quotation.Management.Contracts.csproj", "{BE93ED4E-E168-4268-B75B-278EF190EE67}"
EndProject
Project("{9A19103F-16F7-4668-BE54-9A1E7A4F7556}") = "Quotation.Management.Services", "Quotation.Management.Services\Quotation.Management.Services.csproj", "{AC3A9076-E160-4BCC-8C74-569F4D69CB03}"
EndProject
Project("{9A19103F-16F7-4668-BE54-9A1E7A4F7556}") = "Quotation.Management.Repositories", "Quotation.Management.Repositories\Quotation.Management.Repositories.csproj", "{617671BE-CF17-4C17-AACA-CE4F006ADED4}"
EndProject
Project("{9A19103F-16F7-4668-BE54-9A1E7A4F7556}") = "Quotation.Management.Entities", "Quotation.Management.Entities\Quotation.Management.Entities.csproj", "{8691A58D-1FA4-4397-A11D-79445DABBFD3}"
EndProject
Project("{FAE04EC0-301F-11D3-BF4B-00C04F79EFBC}") = "Quotation.Management.ConnectionManager", "Quotation.Management.ConnectionManager\Quotation.Management.ConnectionManager.csproj", "{1147E4E1-95DF-4623-9651-FF4F260AC336}"
EndProject
Global
	GlobalSection(SolutionConfigurationPlatforms) = preSolution
		Debug|Any CPU = Debug|Any CPU
		Release|Any CPU = Release|Any CPU
	EndGlobalSection
	GlobalSection(ProjectConfigurationPlatforms) = postSolution
		{F3F9749F-0EB6-4976-B544-5DB2062D8933}.Debug|Any CPU.ActiveCfg = Debug|Any CPU
		{F3F9749F-0EB6-4976-B544-5DB2062D8933}.Debug|Any CPU.Build.0 = Debug|Any CPU
		{F3F9749F-0EB6-4976-B544-5DB2062D8933}.Release|Any CPU.ActiveCfg = Release|Any CPU
		{F3F9749F-0EB6-4976-B544-5DB2062D8933}.Release|Any CPU.Build.0 = Release|Any CPU
		{BE93ED4E-E168-4268-B75B-278EF190EE67}.Debug|Any CPU.ActiveCfg = Debug|Any CPU
		{BE93ED4E-E168-4268-B75B-278EF190EE67}.Debug|Any CPU.Build.0 = Debug|Any CPU
		{BE93ED4E-E168-4268-B75B-278EF190EE67}.Release|Any CPU.ActiveCfg = Release|Any CPU
		{BE93ED4E-E168-4268-B75B-278EF190EE67}.Release|Any CPU.Build.0 = Release|Any CPU
		{AC3A9076-E160-4BCC-8C74-569F4D69CB03}.Debug|Any CPU.ActiveCfg = Debug|Any CPU
		{AC3A9076-E160-4BCC-8C74-569F4D69CB03}.Debug|Any CPU.Build.0 = Debug|Any CPU
		{AC3A9076-E160-4BCC-8C74-569F4D69CB03}.Release|Any CPU.ActiveCfg = Release|Any CPU
		{AC3A9076-E160-4BCC-8C74-569F4D69CB03}.Release|Any CPU.Build.0 = Release|Any CPU
		{617671BE-CF17-4C17-AACA-CE4F006ADED4}.Debug|Any CPU.ActiveCfg = Debug|Any CPU
		{617671BE-CF17-4C17-AACA-CE4F006ADED4}.Debug|Any CPU.Build.0 = Debug|Any CPU
		{617671BE-CF17-4C17-AACA-CE4F006ADED4}.Release|Any CPU.ActiveCfg = Release|Any CPU
		{617671BE-CF17-4C17-AACA-CE4F006ADED4}.Release|Any CPU.Build.0 = Release|Any CPU
		{8691A58D-1FA4-4397-A11D-79445DABBFD3}.Debug|Any CPU.ActiveCfg = Debug|Any CPU
		{8691A58D-1FA4-4397-A11D-79445DABBFD3}.Debug|Any CPU.Build.0 = Debug|Any CPU
		{8691A58D-1FA4-4397-A11D-79445DABBFD3}.Release|Any CPU.ActiveCfg = Release|Any CPU
		{8691A58D-1FA4-4397-A11D-79445DABBFD3}.Release|Any CPU.Build.0 = Release|Any CPU
		{1147E4E1-95DF-4623-9651-FF4F260AC336}.Debug|Any CPU.ActiveCfg = Debug|Any CPU
		{1147E4E1-95DF-4623-9651-FF4F260AC336}.Debug|Any CPU.Build.0 = Debug|Any CPU
		{1147E4E1-95DF-4623-9651-FF4F260AC336}.Release|Any CPU.ActiveCfg = Release|Any CPU
		{1147E4E1-95DF-4623-9651-FF4F260AC336}.Release|Any CPU.Build.0 = Release|Any CPU
	EndGlobalSection
	GlobalSection(SolutionProperties) = preSolution
		HideSolutionNode = FALSE
	EndGlobalSection
	GlobalSection(ExtensibilityGlobals) = postSolution
		SolutionGuid = {1281BCE4-80BA-4A1D-9F02-682FB2D909AA}
	EndGlobalSection
EndGlobal
